// !$*UTF8*$!
{
	archiveVersion = 1;
	classes = {
	};
	objectVersion = 55;
	objects = {

/* Begin PBXBuildFile section */
		630733292898ED960077F864 /* HomeViewModelTests.swift in Sources */ = {isa = PBXBuildFile; fileRef = 630733282898ED960077F864 /* HomeViewModelTests.swift */; };
		63219A702897659B00CD55D9 /* GetAllDataTests.swift in Sources */ = {isa = PBXBuildFile; fileRef = 63219A6F2897659B00CD55D9 /* GetAllDataTests.swift */; };
		63219A722897858800CD55D9 /* DayDetailViewModelTests.swift in Sources */ = {isa = PBXBuildFile; fileRef = 63219A712897858800CD55D9 /* DayDetailViewModelTests.swift */; };
		63219A742898AFF100CD55D9 /* ViewModelPublished.swift in Sources */ = {isa = PBXBuildFile; fileRef = 63219A732898AFF100CD55D9 /* ViewModelPublished.swift */; };
		63219A762898B99900CD55D9 /* ForecastViewModelTests.swift in Sources */ = {isa = PBXBuildFile; fileRef = 63219A752898B99900CD55D9 /* ForecastViewModelTests.swift */; };
		63279096288471BC00E551CA /* EventResult.swift in Sources */ = {isa = PBXBuildFile; fileRef = 63279095288471BC00E551CA /* EventResult.swift */; };
		632790982884B95F00E551CA /* EventViewModel.swift in Sources */ = {isa = PBXBuildFile; fileRef = 632790972884B95F00E551CA /* EventViewModel.swift */; };
		6327909A2884F9EF00E551CA /* CloudKitManager.swift in Sources */ = {isa = PBXBuildFile; fileRef = 632790992884F9EF00E551CA /* CloudKitManager.swift */; };
		6327909D2886361300E551CA /* Days.swift in Sources */ = {isa = PBXBuildFile; fileRef = 6327909C2886361300E551CA /* Days.swift */; };
		632790A3288906F800E551CA /* UpdateLocation.swift in Sources */ = {isa = PBXBuildFile; fileRef = 632790A2288906F800E551CA /* UpdateLocation.swift */; };
		63425DA32890570A00430B43 /* ForecastListItem.swift in Sources */ = {isa = PBXBuildFile; fileRef = 63425DA22890570A00430B43 /* ForecastListItem.swift */; };
		63425DA72891A14A00430B43 /* ForecastViewModel.swift in Sources */ = {isa = PBXBuildFile; fileRef = 63425DA62891A14A00430B43 /* ForecastViewModel.swift */; };
		63481ABE2868C4DB00478C11 /* AOWM_Icon.swift in Sources */ = {isa = PBXBuildFile; fileRef = 63481ABD2868C4DB00478C11 /* AOWM_Icon.swift */; };
		63481AC2286A075600478C11 /* Current.swift in Sources */ = {isa = PBXBuildFile; fileRef = 63481AC1286A075600478C11 /* Current.swift */; };
		63481AC4286AC2B100478C11 /* TGW_ForecastProvider.swift in Sources */ = {isa = PBXBuildFile; fileRef = 63481AC3286AC2B100478C11 /* TGW_ForecastProvider.swift */; };
		63481AC6286AC72400478C11 /* TGW_Forecast.swift in Sources */ = {isa = PBXBuildFile; fileRef = 63481AC5286AC72400478C11 /* TGW_Forecast.swift */; };
		63481ACB286CC1C400478C11 /* GetAllData.swift in Sources */ = {isa = PBXBuildFile; fileRef = 63481ACA286CC1C400478C11 /* GetAllData.swift */; };
		63481ACD286D630700478C11 /* Event.swift in Sources */ = {isa = PBXBuildFile; fileRef = 63481ACC286D630700478C11 /* Event.swift */; };
		63481ACF2870223500478C11 /* Dates.swift in Sources */ = {isa = PBXBuildFile; fileRef = 63481ACE2870223500478C11 /* Dates.swift */; };
		63481AD12870AAA800478C11 /* EventSummaryProvider.swift in Sources */ = {isa = PBXBuildFile; fileRef = 63481AD02870AAA800478C11 /* EventSummaryProvider.swift */; };
		63481AD32871ED7F00478C11 /* seedData.json in Resources */ = {isa = PBXBuildFile; fileRef = 63481AD22871ED7F00478C11 /* seedData.json */; };
		63481AD52872548B00478C11 /* EventProvider.swift in Sources */ = {isa = PBXBuildFile; fileRef = 63481AD42872548B00478C11 /* EventProvider.swift */; };
		63481AD72872849500478C11 /* Observer.swift in Sources */ = {isa = PBXBuildFile; fileRef = 63481AD62872849500478C11 /* Observer.swift */; };
		63481AD92872C93B00478C11 /* Today.swift in Sources */ = {isa = PBXBuildFile; fileRef = 63481AD82872C93B00478C11 /* Today.swift */; };
		63481ADB2873450700478C11 /* SummaryViewModel.swift in Sources */ = {isa = PBXBuildFile; fileRef = 63481ADA2873450700478C11 /* SummaryViewModel.swift */; };
		63481ADE2875084200478C11 /* ForecastInsertedEvent.swift in Sources */ = {isa = PBXBuildFile; fileRef = 63481ADD2875084200478C11 /* ForecastInsertedEvent.swift */; };
		63481AFC28752F4800478C11 /* Weekend.swift in Sources */ = {isa = PBXBuildFile; fileRef = 63481AFB28752F4800478C11 /* Weekend.swift */; };
		63481AFE28753B1200478C11 /* DayDetailViewModel.swift in Sources */ = {isa = PBXBuildFile; fileRef = 63481AFD28753B1200478C11 /* DayDetailViewModel.swift */; };
		63481B0028754A2A00478C11 /* HourForecast.swift in Sources */ = {isa = PBXBuildFile; fileRef = 63481AFF28754A2A00478C11 /* HourForecast.swift */; };
		63481B032875E0F900478C11 /* WindDirection.swift in Sources */ = {isa = PBXBuildFile; fileRef = 63481B022875E0F900478C11 /* WindDirection.swift */; };
		63481B0528768C5800478C11 /* EventForecast.swift in Sources */ = {isa = PBXBuildFile; fileRef = 63481B0428768C5800478C11 /* EventForecast.swift */; };
		63481B07287699BA00478C11 /* DayForecast.swift in Sources */ = {isa = PBXBuildFile; fileRef = 63481B06287699BA00478C11 /* DayForecast.swift */; };
		63481B092876A24000478C11 /* HomeViewModel.swift in Sources */ = {isa = PBXBuildFile; fileRef = 63481B082876A24000478C11 /* HomeViewModel.swift */; };
		63481B0B2876AA6300478C11 /* HourlyForecast.swift in Sources */ = {isa = PBXBuildFile; fileRef = 63481B0A2876AA6300478C11 /* HourlyForecast.swift */; };
		63481B152877589F00478C11 /* LocationViewModel.swift in Sources */ = {isa = PBXBuildFile; fileRef = 63481B142877589F00478C11 /* LocationViewModel.swift */; };
		63481B172877616E00478C11 /* LocationUpdatedEvent.swift in Sources */ = {isa = PBXBuildFile; fileRef = 63481B162877616E00478C11 /* LocationUpdatedEvent.swift */; };
		634BCBFE286028A50062E105 /* YourWeatherLifeApp.swift in Sources */ = {isa = PBXBuildFile; fileRef = 634BCBFD286028A50062E105 /* YourWeatherLifeApp.swift */; };
		634BCC02286028A70062E105 /* Assets.xcassets in Resources */ = {isa = PBXBuildFile; fileRef = 634BCC01286028A70062E105 /* Assets.xcassets */; };
		634BCC05286028A70062E105 /* Preview Assets.xcassets in Resources */ = {isa = PBXBuildFile; fileRef = 634BCC04286028A70062E105 /* Preview Assets.xcassets */; };
		634BCC07286028A70062E105 /* LocalPersistenceController.swift in Sources */ = {isa = PBXBuildFile; fileRef = 634BCC06286028A70062E105 /* LocalPersistenceController.swift */; };
		634BCC0A286028A70062E105 /* YourWeatherLife.xcdatamodeld in Sources */ = {isa = PBXBuildFile; fileRef = 634BCC08286028A70062E105 /* YourWeatherLife.xcdatamodeld */; };
		634BCC1E286028A70062E105 /* YourWeatherLifeUITests.swift in Sources */ = {isa = PBXBuildFile; fileRef = 634BCC1D286028A70062E105 /* YourWeatherLifeUITests.swift */; };
		634BCC20286028A70062E105 /* YourWeatherLifeUITestsLaunchTests.swift in Sources */ = {isa = PBXBuildFile; fileRef = 634BCC1F286028A70062E105 /* YourWeatherLifeUITestsLaunchTests.swift */; };
		634BCC2F2860E4E20062E105 /* CloudKit.framework in Frameworks */ = {isa = PBXBuildFile; fileRef = 634BCC2E2860E4E20062E105 /* CloudKit.framework */; };
		634BCC392860ECBB0062E105 /* WeatherSolutions.swift in Sources */ = {isa = PBXBuildFile; fileRef = 634BCC372860ECBB0062E105 /* WeatherSolutions.swift */; };
		634BCC3A2860ECBB0062E105 /* weatherSolutions.plist in Resources */ = {isa = PBXBuildFile; fileRef = 634BCC382860ECBB0062E105 /* weatherSolutions.plist */; };
		634BCC3E2860ECDE0062E105 /* APISettings.swift in Sources */ = {isa = PBXBuildFile; fileRef = 634BCC3B2860ECDE0062E105 /* APISettings.swift */; };
		634BCC402860ECDE0062E105 /* CryptoUtilities.swift in Sources */ = {isa = PBXBuildFile; fileRef = 634BCC3D2860ECDE0062E105 /* CryptoUtilities.swift */; };
		634BCC432860ED010062E105 /* GlobalViewModel.swift in Sources */ = {isa = PBXBuildFile; fileRef = 634BCC412860ED010062E105 /* GlobalViewModel.swift */; };
		634BCC442860ED010062E105 /* APIsProvider.swift in Sources */ = {isa = PBXBuildFile; fileRef = 634BCC422860ED010062E105 /* APIsProvider.swift */; };
		634BCC492860ED220062E105 /* API.swift in Sources */ = {isa = PBXBuildFile; fileRef = 634BCC452860ED220062E105 /* API.swift */; };
		634BCC4B2860ED220062E105 /* YWLError.swift in Sources */ = {isa = PBXBuildFile; fileRef = 634BCC472860ED220062E105 /* YWLError.swift */; };
		634BCC5E2860EE2C0062E105 /* BackgroundColor.swift in Sources */ = {isa = PBXBuildFile; fileRef = 634BCC5C2860EE2C0062E105 /* BackgroundColor.swift */; };
		634BCC612860EE380062E105 /* EditDailyEvent.swift in Sources */ = {isa = PBXBuildFile; fileRef = 634BCC602860EE380062E105 /* EditDailyEvent.swift */; };
		634BCC662860EE440062E105 /* EventDetail.swift in Sources */ = {isa = PBXBuildFile; fileRef = 634BCC622860EE440062E105 /* EventDetail.swift */; };
		634BCC672860EE440062E105 /* HourDetail.swift in Sources */ = {isa = PBXBuildFile; fileRef = 634BCC632860EE440062E105 /* HourDetail.swift */; };
		634BCC682860EE440062E105 /* DayDetail.swift in Sources */ = {isa = PBXBuildFile; fileRef = 634BCC642860EE440062E105 /* DayDetail.swift */; };
		634BCC6E2860EE500062E105 /* TodaySummary.swift in Sources */ = {isa = PBXBuildFile; fileRef = 634BCC6A2860EE500062E105 /* TodaySummary.swift */; };
		634BCC6F2860EE500062E105 /* EventListCalendarItem.swift in Sources */ = {isa = PBXBuildFile; fileRef = 634BCC6B2860EE500062E105 /* EventListCalendarItem.swift */; };
		634BCC702860EE500062E105 /* EventListItem.swift in Sources */ = {isa = PBXBuildFile; fileRef = 634BCC6C2860EE500062E105 /* EventListItem.swift */; };
		634BCC712860EE500062E105 /* WeekendSummary.swift in Sources */ = {isa = PBXBuildFile; fileRef = 634BCC6D2860EE500062E105 /* WeekendSummary.swift */; };
		634BCC742860EE5D0062E105 /* DailyEvents.swift in Sources */ = {isa = PBXBuildFile; fileRef = 634BCC722860EE5D0062E105 /* DailyEvents.swift */; };
		634BCC752860EE5D0062E105 /* Home.swift in Sources */ = {isa = PBXBuildFile; fileRef = 634BCC732860EE5D0062E105 /* Home.swift */; };
		634BCC772860EFC00062E105 /* AppDelegate.swift in Sources */ = {isa = PBXBuildFile; fileRef = 634BCC762860EFC00062E105 /* AppDelegate.swift */; };
		634BCC7A2860F1610062E105 /* Mixpanel in Frameworks */ = {isa = PBXBuildFile; productRef = 634BCC792860F1610062E105 /* Mixpanel */; };
		634BCC7D286122590062E105 /* YourWeatherLifeiCloud.xcdatamodeld in Sources */ = {isa = PBXBuildFile; fileRef = 634BCC7B286122590062E105 /* YourWeatherLifeiCloud.xcdatamodeld */; };
		634BCC7F286122930062E105 /* CloudPersistenceController.swift in Sources */ = {isa = PBXBuildFile; fileRef = 634BCC7E286122930062E105 /* CloudPersistenceController.swift */; };
		634BCCA528628C840062E105 /* Formatters.swift in Sources */ = {isa = PBXBuildFile; fileRef = 634BCCA428628C840062E105 /* Formatters.swift */; };
		634BCCA7286298BE0062E105 /* CurrentConditionsViewModel.swift in Sources */ = {isa = PBXBuildFile; fileRef = 634BCCA6286298BE0062E105 /* CurrentConditionsViewModel.swift */; };
		634BCCA9286299F30062E105 /* DataService.swift in Sources */ = {isa = PBXBuildFile; fileRef = 634BCCA8286299F30062E105 /* DataService.swift */; };
		634BCCAD28629EA70062E105 /* TGW_CurrentConditions.swift in Sources */ = {isa = PBXBuildFile; fileRef = 634BCCAC28629EA60062E105 /* TGW_CurrentConditions.swift */; };
		634BCCB02866D96F0062E105 /* tgw.swift in Sources */ = {isa = PBXBuildFile; fileRef = 634BCCAF2866D96F0062E105 /* tgw.swift */; };
		634BCCB22866DF090062E105 /* aowm.swift in Sources */ = {isa = PBXBuildFile; fileRef = 634BCCB12866DF090062E105 /* aowm.swift */; };
		634BCCB428681C860062E105 /* AOWM_CurrentConditions.swift in Sources */ = {isa = PBXBuildFile; fileRef = 634BCCB328681C860062E105 /* AOWM_CurrentConditions.swift */; };
		6358645C29CD654C00D8387B /* Tabs.swift in Sources */ = {isa = PBXBuildFile; fileRef = 6358645B29CD654C00D8387B /* Tabs.swift */; };
		639D8D9D29C7A2B400333DA8 /* AsyncAPI.swift in Sources */ = {isa = PBXBuildFile; fileRef = 639D8D9C29C7A2B400333DA8 /* AsyncAPI.swift */; };
		639D8D9F29C7AE1100333DA8 /* Review.swift in Sources */ = {isa = PBXBuildFile; fileRef = 639D8D9E29C7AE1000333DA8 /* Review.swift */; };
		639D8DA129C7B62400333DA8 /* LaunchScreen.storyboard in Resources */ = {isa = PBXBuildFile; fileRef = 639D8DA029C7B62400333DA8 /* LaunchScreen.storyboard */; };
		639D8DA329C7BB2B00333DA8 /* GoogleService-Info.plist in Resources */ = {isa = PBXBuildFile; fileRef = 639D8DA229C7BB2B00333DA8 /* GoogleService-Info.plist */; };
		639D8DA629C7BBA200333DA8 /* FirebaseAnalytics in Frameworks */ = {isa = PBXBuildFile; productRef = 639D8DA529C7BBA200333DA8 /* FirebaseAnalytics */; };
		639D8DA829C7BBA200333DA8 /* FirebaseCrashlytics in Frameworks */ = {isa = PBXBuildFile; productRef = 639D8DA729C7BBA200333DA8 /* FirebaseCrashlytics */; };
		639D8DAA29C7BBA200333DA8 /* FirebasePerformance in Frameworks */ = {isa = PBXBuildFile; productRef = 639D8DA929C7BBA200333DA8 /* FirebasePerformance */; };
		63D0FFC62978E21100ECE7A2 /* CalendarEvents.swift in Sources */ = {isa = PBXBuildFile; fileRef = 63D0FFC52978E21100ECE7A2 /* CalendarEvents.swift */; };
		63D0FFC82978E21F00ECE7A2 /* Calendars.swift in Sources */ = {isa = PBXBuildFile; fileRef = 63D0FFC72978E21F00ECE7A2 /* Calendars.swift */; };
		63D0FFCA2978E3A300ECE7A2 /* EventStoreViewModel.swift in Sources */ = {isa = PBXBuildFile; fileRef = 63D0FFC92978E3A300ECE7A2 /* EventStoreViewModel.swift */; };
		63D0FFCC2978E3CE00ECE7A2 /* CalendarEventProvider.swift in Sources */ = {isa = PBXBuildFile; fileRef = 63D0FFCB2978E3CE00ECE7A2 /* CalendarEventProvider.swift */; };
		63D0FFD22979F8CA00ECE7A2 /* CalendarSet.swift in Sources */ = {isa = PBXBuildFile; fileRef = 63D0FFD12979F8CA00ECE7A2 /* CalendarSet.swift */; };
		63D0FFD42981F2B600ECE7A2 /* EventSet.swift in Sources */ = {isa = PBXBuildFile; fileRef = 63D0FFD32981F2B600ECE7A2 /* EventSet.swift */; };
		63F029622877EDB700CD1553 /* FeedbackModal.swift in Sources */ = {isa = PBXBuildFile; fileRef = 63F029612877EDB700CD1553 /* FeedbackModal.swift */; };
		63F781F9289453B4007F307E /* DatesTests.swift in Sources */ = {isa = PBXBuildFile; fileRef = 63F781F8289453B4007F307E /* DatesTests.swift */; };
		63FBEC8D287A9D5C0010A42E /* NextStartDateUpdated.swift in Sources */ = {isa = PBXBuildFile; fileRef = 63FBEC8C287A9D5C0010A42E /* NextStartDateUpdated.swift */; };
/* End PBXBuildFile section */

/* Begin PBXContainerItemProxy section */
		634BCC10286028A70062E105 /* PBXContainerItemProxy */ = {
			isa = PBXContainerItemProxy;
			containerPortal = 634BCBF2286028A50062E105 /* Project object */;
			proxyType = 1;
			remoteGlobalIDString = 634BCBF9286028A50062E105;
			remoteInfo = YourWeatherLife;
		};
		634BCC1A286028A70062E105 /* PBXContainerItemProxy */ = {
			isa = PBXContainerItemProxy;
			containerPortal = 634BCBF2286028A50062E105 /* Project object */;
			proxyType = 1;
			remoteGlobalIDString = 634BCBF9286028A50062E105;
			remoteInfo = YourWeatherLife;
		};
/* End PBXContainerItemProxy section */

/* Begin PBXFileReference section */
		630733282898ED960077F864 /* HomeViewModelTests.swift */ = {isa = PBXFileReference; lastKnownFileType = sourcecode.swift; path = HomeViewModelTests.swift; sourceTree = "<group>"; };
		63219A6F2897659B00CD55D9 /* GetAllDataTests.swift */ = {isa = PBXFileReference; lastKnownFileType = sourcecode.swift; path = GetAllDataTests.swift; sourceTree = "<group>"; };
		63219A712897858800CD55D9 /* DayDetailViewModelTests.swift */ = {isa = PBXFileReference; lastKnownFileType = sourcecode.swift; path = DayDetailViewModelTests.swift; sourceTree = "<group>"; };
		63219A732898AFF100CD55D9 /* ViewModelPublished.swift */ = {isa = PBXFileReference; lastKnownFileType = sourcecode.swift; path = ViewModelPublished.swift; sourceTree = "<group>"; };
		63219A752898B99900CD55D9 /* ForecastViewModelTests.swift */ = {isa = PBXFileReference; lastKnownFileType = sourcecode.swift; path = ForecastViewModelTests.swift; sourceTree = "<group>"; };
		63279095288471BC00E551CA /* EventResult.swift */ = {isa = PBXFileReference; lastKnownFileType = sourcecode.swift; path = EventResult.swift; sourceTree = "<group>"; };
		632790972884B95F00E551CA /* EventViewModel.swift */ = {isa = PBXFileReference; lastKnownFileType = sourcecode.swift; path = EventViewModel.swift; sourceTree = "<group>"; };
		632790992884F9EF00E551CA /* CloudKitManager.swift */ = {isa = PBXFileReference; lastKnownFileType = sourcecode.swift; path = CloudKitManager.swift; sourceTree = "<group>"; };
		6327909B2886310F00E551CA /* YourWeatherLifeiCloud 2.xcdatamodel */ = {isa = PBXFileReference; lastKnownFileType = wrapper.xcdatamodel; path = "YourWeatherLifeiCloud 2.xcdatamodel"; sourceTree = "<group>"; };
		6327909C2886361300E551CA /* Days.swift */ = {isa = PBXFileReference; lastKnownFileType = sourcecode.swift; path = Days.swift; sourceTree = "<group>"; };
		632790A2288906F800E551CA /* UpdateLocation.swift */ = {isa = PBXFileReference; lastKnownFileType = sourcecode.swift; path = UpdateLocation.swift; sourceTree = "<group>"; };
		632790A9288BE01F00E551CA /* YourWeatherLife 2.xcdatamodel */ = {isa = PBXFileReference; lastKnownFileType = wrapper.xcdatamodel; path = "YourWeatherLife 2.xcdatamodel"; sourceTree = "<group>"; };
		63425DA22890570A00430B43 /* ForecastListItem.swift */ = {isa = PBXFileReference; lastKnownFileType = sourcecode.swift; path = ForecastListItem.swift; sourceTree = "<group>"; };
		63425DA62891A14A00430B43 /* ForecastViewModel.swift */ = {isa = PBXFileReference; lastKnownFileType = sourcecode.swift; path = ForecastViewModel.swift; sourceTree = "<group>"; };
		63481ABD2868C4DB00478C11 /* AOWM_Icon.swift */ = {isa = PBXFileReference; lastKnownFileType = sourcecode.swift; path = AOWM_Icon.swift; sourceTree = "<group>"; };
		63481AC1286A075600478C11 /* Current.swift */ = {isa = PBXFileReference; lastKnownFileType = sourcecode.swift; path = Current.swift; sourceTree = "<group>"; };
		63481AC3286AC2B100478C11 /* TGW_ForecastProvider.swift */ = {isa = PBXFileReference; lastKnownFileType = sourcecode.swift; path = TGW_ForecastProvider.swift; sourceTree = "<group>"; };
		63481AC5286AC72400478C11 /* TGW_Forecast.swift */ = {isa = PBXFileReference; lastKnownFileType = sourcecode.swift; path = TGW_Forecast.swift; sourceTree = "<group>"; };
		63481ACA286CC1C400478C11 /* GetAllData.swift */ = {isa = PBXFileReference; lastKnownFileType = sourcecode.swift; path = GetAllData.swift; sourceTree = "<group>"; };
		63481ACC286D630700478C11 /* Event.swift */ = {isa = PBXFileReference; lastKnownFileType = sourcecode.swift; path = Event.swift; sourceTree = "<group>"; };
		63481ACE2870223500478C11 /* Dates.swift */ = {isa = PBXFileReference; lastKnownFileType = sourcecode.swift; path = Dates.swift; sourceTree = "<group>"; };
		63481AD02870AAA800478C11 /* EventSummaryProvider.swift */ = {isa = PBXFileReference; lastKnownFileType = sourcecode.swift; path = EventSummaryProvider.swift; sourceTree = "<group>"; };
		63481AD22871ED7F00478C11 /* seedData.json */ = {isa = PBXFileReference; fileEncoding = 4; lastKnownFileType = text.json; path = seedData.json; sourceTree = "<group>"; };
		63481AD42872548B00478C11 /* EventProvider.swift */ = {isa = PBXFileReference; lastKnownFileType = sourcecode.swift; path = EventProvider.swift; sourceTree = "<group>"; };
		63481AD62872849500478C11 /* Observer.swift */ = {isa = PBXFileReference; lastKnownFileType = sourcecode.swift; path = Observer.swift; sourceTree = "<group>"; };
		63481AD82872C93B00478C11 /* Today.swift */ = {isa = PBXFileReference; lastKnownFileType = sourcecode.swift; path = Today.swift; sourceTree = "<group>"; };
		63481ADA2873450700478C11 /* SummaryViewModel.swift */ = {isa = PBXFileReference; lastKnownFileType = sourcecode.swift; path = SummaryViewModel.swift; sourceTree = "<group>"; };
		63481ADD2875084200478C11 /* ForecastInsertedEvent.swift */ = {isa = PBXFileReference; lastKnownFileType = sourcecode.swift; path = ForecastInsertedEvent.swift; sourceTree = "<group>"; };
		63481AFB28752F4800478C11 /* Weekend.swift */ = {isa = PBXFileReference; lastKnownFileType = sourcecode.swift; path = Weekend.swift; sourceTree = "<group>"; };
		63481AFD28753B1200478C11 /* DayDetailViewModel.swift */ = {isa = PBXFileReference; lastKnownFileType = sourcecode.swift; path = DayDetailViewModel.swift; sourceTree = "<group>"; };
		63481AFF28754A2A00478C11 /* HourForecast.swift */ = {isa = PBXFileReference; lastKnownFileType = sourcecode.swift; path = HourForecast.swift; sourceTree = "<group>"; };
		63481B022875E0F900478C11 /* WindDirection.swift */ = {isa = PBXFileReference; lastKnownFileType = sourcecode.swift; path = WindDirection.swift; sourceTree = "<group>"; };
		63481B0428768C5800478C11 /* EventForecast.swift */ = {isa = PBXFileReference; lastKnownFileType = sourcecode.swift; path = EventForecast.swift; sourceTree = "<group>"; };
		63481B06287699BA00478C11 /* DayForecast.swift */ = {isa = PBXFileReference; lastKnownFileType = sourcecode.swift; path = DayForecast.swift; sourceTree = "<group>"; };
		63481B082876A24000478C11 /* HomeViewModel.swift */ = {isa = PBXFileReference; lastKnownFileType = sourcecode.swift; path = HomeViewModel.swift; sourceTree = "<group>"; };
		63481B0A2876AA6300478C11 /* HourlyForecast.swift */ = {isa = PBXFileReference; lastKnownFileType = sourcecode.swift; path = HourlyForecast.swift; sourceTree = "<group>"; };
		63481B142877589F00478C11 /* LocationViewModel.swift */ = {isa = PBXFileReference; lastKnownFileType = sourcecode.swift; path = LocationViewModel.swift; sourceTree = "<group>"; };
		63481B162877616E00478C11 /* LocationUpdatedEvent.swift */ = {isa = PBXFileReference; lastKnownFileType = sourcecode.swift; path = LocationUpdatedEvent.swift; sourceTree = "<group>"; };
		634BCBFA286028A50062E105 /* YourWeatherLife.app */ = {isa = PBXFileReference; explicitFileType = wrapper.application; includeInIndex = 0; path = YourWeatherLife.app; sourceTree = BUILT_PRODUCTS_DIR; };
		634BCBFD286028A50062E105 /* YourWeatherLifeApp.swift */ = {isa = PBXFileReference; lastKnownFileType = sourcecode.swift; path = YourWeatherLifeApp.swift; sourceTree = "<group>"; };
		634BCC01286028A70062E105 /* Assets.xcassets */ = {isa = PBXFileReference; lastKnownFileType = folder.assetcatalog; path = Assets.xcassets; sourceTree = "<group>"; };
		634BCC04286028A70062E105 /* Preview Assets.xcassets */ = {isa = PBXFileReference; lastKnownFileType = folder.assetcatalog; path = "Preview Assets.xcassets"; sourceTree = "<group>"; };
		634BCC06286028A70062E105 /* LocalPersistenceController.swift */ = {isa = PBXFileReference; lastKnownFileType = sourcecode.swift; path = LocalPersistenceController.swift; sourceTree = "<group>"; };
		634BCC09286028A70062E105 /* YourWeatherLife.xcdatamodel */ = {isa = PBXFileReference; lastKnownFileType = wrapper.xcdatamodel; path = YourWeatherLife.xcdatamodel; sourceTree = "<group>"; };
		634BCC0F286028A70062E105 /* YourWeatherLifeTests.xctest */ = {isa = PBXFileReference; explicitFileType = wrapper.cfbundle; includeInIndex = 0; path = YourWeatherLifeTests.xctest; sourceTree = BUILT_PRODUCTS_DIR; };
		634BCC19286028A70062E105 /* YourWeatherLifeUITests.xctest */ = {isa = PBXFileReference; explicitFileType = wrapper.cfbundle; includeInIndex = 0; path = YourWeatherLifeUITests.xctest; sourceTree = BUILT_PRODUCTS_DIR; };
		634BCC1D286028A70062E105 /* YourWeatherLifeUITests.swift */ = {isa = PBXFileReference; lastKnownFileType = sourcecode.swift; path = YourWeatherLifeUITests.swift; sourceTree = "<group>"; };
		634BCC1F286028A70062E105 /* YourWeatherLifeUITestsLaunchTests.swift */ = {isa = PBXFileReference; lastKnownFileType = sourcecode.swift; path = YourWeatherLifeUITestsLaunchTests.swift; sourceTree = "<group>"; };
		634BCC2C2860E4D60062E105 /* YourWeatherLife.entitlements */ = {isa = PBXFileReference; lastKnownFileType = text.plist.entitlements; path = YourWeatherLife.entitlements; sourceTree = "<group>"; };
		634BCC2E2860E4E20062E105 /* CloudKit.framework */ = {isa = PBXFileReference; lastKnownFileType = wrapper.framework; name = CloudKit.framework; path = System/Library/Frameworks/CloudKit.framework; sourceTree = SDKROOT; };
		634BCC302860E52F0062E105 /* Info.plist */ = {isa = PBXFileReference; lastKnownFileType = text.plist; path = Info.plist; sourceTree = "<group>"; };
		634BCC372860ECBB0062E105 /* WeatherSolutions.swift */ = {isa = PBXFileReference; fileEncoding = 4; lastKnownFileType = sourcecode.swift; path = WeatherSolutions.swift; sourceTree = "<group>"; };
		634BCC382860ECBB0062E105 /* weatherSolutions.plist */ = {isa = PBXFileReference; fileEncoding = 4; lastKnownFileType = text.plist.xml; path = weatherSolutions.plist; sourceTree = "<group>"; };
		634BCC3B2860ECDE0062E105 /* APISettings.swift */ = {isa = PBXFileReference; fileEncoding = 4; lastKnownFileType = sourcecode.swift; path = APISettings.swift; sourceTree = "<group>"; };
		634BCC3D2860ECDE0062E105 /* CryptoUtilities.swift */ = {isa = PBXFileReference; fileEncoding = 4; lastKnownFileType = sourcecode.swift; path = CryptoUtilities.swift; sourceTree = "<group>"; };
		634BCC412860ED010062E105 /* GlobalViewModel.swift */ = {isa = PBXFileReference; fileEncoding = 4; lastKnownFileType = sourcecode.swift; path = GlobalViewModel.swift; sourceTree = "<group>"; };
		634BCC422860ED010062E105 /* APIsProvider.swift */ = {isa = PBXFileReference; fileEncoding = 4; lastKnownFileType = sourcecode.swift; path = APIsProvider.swift; sourceTree = "<group>"; };
		634BCC452860ED220062E105 /* API.swift */ = {isa = PBXFileReference; fileEncoding = 4; lastKnownFileType = sourcecode.swift; path = API.swift; sourceTree = "<group>"; };
		634BCC472860ED220062E105 /* YWLError.swift */ = {isa = PBXFileReference; fileEncoding = 4; lastKnownFileType = sourcecode.swift; path = YWLError.swift; sourceTree = "<group>"; };
		634BCC5C2860EE2C0062E105 /* BackgroundColor.swift */ = {isa = PBXFileReference; fileEncoding = 4; lastKnownFileType = sourcecode.swift; path = BackgroundColor.swift; sourceTree = "<group>"; };
		634BCC602860EE380062E105 /* EditDailyEvent.swift */ = {isa = PBXFileReference; fileEncoding = 4; lastKnownFileType = sourcecode.swift; path = EditDailyEvent.swift; sourceTree = "<group>"; };
		634BCC622860EE440062E105 /* EventDetail.swift */ = {isa = PBXFileReference; fileEncoding = 4; lastKnownFileType = sourcecode.swift; path = EventDetail.swift; sourceTree = "<group>"; };
		634BCC632860EE440062E105 /* HourDetail.swift */ = {isa = PBXFileReference; fileEncoding = 4; lastKnownFileType = sourcecode.swift; path = HourDetail.swift; sourceTree = "<group>"; };
		634BCC642860EE440062E105 /* DayDetail.swift */ = {isa = PBXFileReference; fileEncoding = 4; lastKnownFileType = sourcecode.swift; path = DayDetail.swift; sourceTree = "<group>"; };
		634BCC6A2860EE500062E105 /* TodaySummary.swift */ = {isa = PBXFileReference; fileEncoding = 4; lastKnownFileType = sourcecode.swift; path = TodaySummary.swift; sourceTree = "<group>"; };
		634BCC6B2860EE500062E105 /* EventListCalendarItem.swift */ = {isa = PBXFileReference; fileEncoding = 4; lastKnownFileType = sourcecode.swift; path = EventListCalendarItem.swift; sourceTree = "<group>"; };
		634BCC6C2860EE500062E105 /* EventListItem.swift */ = {isa = PBXFileReference; fileEncoding = 4; lastKnownFileType = sourcecode.swift; path = EventListItem.swift; sourceTree = "<group>"; };
		634BCC6D2860EE500062E105 /* WeekendSummary.swift */ = {isa = PBXFileReference; fileEncoding = 4; lastKnownFileType = sourcecode.swift; path = WeekendSummary.swift; sourceTree = "<group>"; };
		634BCC722860EE5D0062E105 /* DailyEvents.swift */ = {isa = PBXFileReference; fileEncoding = 4; lastKnownFileType = sourcecode.swift; path = DailyEvents.swift; sourceTree = "<group>"; };
		634BCC732860EE5D0062E105 /* Home.swift */ = {isa = PBXFileReference; fileEncoding = 4; lastKnownFileType = sourcecode.swift; path = Home.swift; sourceTree = "<group>"; };
		634BCC762860EFC00062E105 /* AppDelegate.swift */ = {isa = PBXFileReference; lastKnownFileType = sourcecode.swift; path = AppDelegate.swift; sourceTree = "<group>"; };
		634BCC7C286122590062E105 /* YourWeatherLifeiCloud.xcdatamodel */ = {isa = PBXFileReference; lastKnownFileType = wrapper.xcdatamodel; path = YourWeatherLifeiCloud.xcdatamodel; sourceTree = "<group>"; };
		634BCC7E286122930062E105 /* CloudPersistenceController.swift */ = {isa = PBXFileReference; lastKnownFileType = sourcecode.swift; path = CloudPersistenceController.swift; sourceTree = "<group>"; };
		634BCCA428628C840062E105 /* Formatters.swift */ = {isa = PBXFileReference; lastKnownFileType = sourcecode.swift; path = Formatters.swift; sourceTree = "<group>"; };
		634BCCA6286298BE0062E105 /* CurrentConditionsViewModel.swift */ = {isa = PBXFileReference; lastKnownFileType = sourcecode.swift; path = CurrentConditionsViewModel.swift; sourceTree = "<group>"; };
		634BCCA8286299F30062E105 /* DataService.swift */ = {isa = PBXFileReference; lastKnownFileType = sourcecode.swift; path = DataService.swift; sourceTree = "<group>"; };
		634BCCAC28629EA60062E105 /* TGW_CurrentConditions.swift */ = {isa = PBXFileReference; lastKnownFileType = sourcecode.swift; path = TGW_CurrentConditions.swift; sourceTree = "<group>"; };
		634BCCAF2866D96F0062E105 /* tgw.swift */ = {isa = PBXFileReference; lastKnownFileType = sourcecode.swift; path = tgw.swift; sourceTree = "<group>"; };
		634BCCB12866DF090062E105 /* aowm.swift */ = {isa = PBXFileReference; lastKnownFileType = sourcecode.swift; path = aowm.swift; sourceTree = "<group>"; };
		634BCCB328681C860062E105 /* AOWM_CurrentConditions.swift */ = {isa = PBXFileReference; lastKnownFileType = sourcecode.swift; path = AOWM_CurrentConditions.swift; sourceTree = "<group>"; };
		6358645B29CD654C00D8387B /* Tabs.swift */ = {isa = PBXFileReference; lastKnownFileType = sourcecode.swift; path = Tabs.swift; sourceTree = "<group>"; };
		6358645D29CDE87200D8387B /* YourWeatherLifeiCloud 5.xcdatamodel */ = {isa = PBXFileReference; lastKnownFileType = wrapper.xcdatamodel; path = "YourWeatherLifeiCloud 5.xcdatamodel"; sourceTree = "<group>"; };
		6369B63229667FB900EA03FB /* YourWeatherLifeiCloud 3.xcdatamodel */ = {isa = PBXFileReference; lastKnownFileType = wrapper.xcdatamodel; path = "YourWeatherLifeiCloud 3.xcdatamodel"; sourceTree = "<group>"; };
		6369B6332966811C00EA03FB /* YourWeatherLife 3.xcdatamodel */ = {isa = PBXFileReference; lastKnownFileType = wrapper.xcdatamodel; path = "YourWeatherLife 3.xcdatamodel"; sourceTree = "<group>"; };
		639D8D9C29C7A2B400333DA8 /* AsyncAPI.swift */ = {isa = PBXFileReference; lastKnownFileType = sourcecode.swift; path = AsyncAPI.swift; sourceTree = "<group>"; };
		639D8D9E29C7AE1000333DA8 /* Review.swift */ = {isa = PBXFileReference; lastKnownFileType = sourcecode.swift; path = Review.swift; sourceTree = "<group>"; };
		639D8DA029C7B62400333DA8 /* LaunchScreen.storyboard */ = {isa = PBXFileReference; lastKnownFileType = file.storyboard; path = LaunchScreen.storyboard; sourceTree = "<group>"; };
		639D8DA229C7BB2B00333DA8 /* GoogleService-Info.plist */ = {isa = PBXFileReference; fileEncoding = 4; lastKnownFileType = text.plist.xml; path = "GoogleService-Info.plist"; sourceTree = "<group>"; };
		63D0FFC52978E21100ECE7A2 /* CalendarEvents.swift */ = {isa = PBXFileReference; lastKnownFileType = sourcecode.swift; path = CalendarEvents.swift; sourceTree = "<group>"; };
		63D0FFC72978E21F00ECE7A2 /* Calendars.swift */ = {isa = PBXFileReference; lastKnownFileType = sourcecode.swift; path = Calendars.swift; sourceTree = "<group>"; };
		63D0FFC92978E3A300ECE7A2 /* EventStoreViewModel.swift */ = {isa = PBXFileReference; lastKnownFileType = sourcecode.swift; path = EventStoreViewModel.swift; sourceTree = "<group>"; };
		63D0FFCB2978E3CE00ECE7A2 /* CalendarEventProvider.swift */ = {isa = PBXFileReference; lastKnownFileType = sourcecode.swift; path = CalendarEventProvider.swift; sourceTree = "<group>"; };
		63D0FFCF2978E48100ECE7A2 /* YourWeatherLifeiCloud 4.xcdatamodel */ = {isa = PBXFileReference; lastKnownFileType = wrapper.xcdatamodel; path = "YourWeatherLifeiCloud 4.xcdatamodel"; sourceTree = "<group>"; };
		63D0FFD02978E5D800ECE7A2 /* YourWeatherLife 4.xcdatamodel */ = {isa = PBXFileReference; lastKnownFileType = wrapper.xcdatamodel; path = "YourWeatherLife 4.xcdatamodel"; sourceTree = "<group>"; };
		63D0FFD12979F8CA00ECE7A2 /* CalendarSet.swift */ = {isa = PBXFileReference; lastKnownFileType = sourcecode.swift; path = CalendarSet.swift; sourceTree = "<group>"; };
		63D0FFD32981F2B600ECE7A2 /* EventSet.swift */ = {isa = PBXFileReference; lastKnownFileType = sourcecode.swift; path = EventSet.swift; sourceTree = "<group>"; };
		63F029612877EDB700CD1553 /* FeedbackModal.swift */ = {isa = PBXFileReference; lastKnownFileType = sourcecode.swift; path = FeedbackModal.swift; sourceTree = "<group>"; };
		63F781F0289452B4007F307E /* YourWeatherLife_DatesTests.swift */ = {isa = PBXFileReference; lastKnownFileType = sourcecode.swift; path = YourWeatherLife_DatesTests.swift; sourceTree = "<group>"; };
		63F781F8289453B4007F307E /* DatesTests.swift */ = {isa = PBXFileReference; lastKnownFileType = sourcecode.swift; path = DatesTests.swift; sourceTree = "<group>"; };
		63FBEC8C287A9D5C0010A42E /* NextStartDateUpdated.swift */ = {isa = PBXFileReference; lastKnownFileType = sourcecode.swift; path = NextStartDateUpdated.swift; sourceTree = "<group>"; };
/* End PBXFileReference section */

/* Begin PBXFrameworksBuildPhase section */
		634BCBF7286028A50062E105 /* Frameworks */ = {
			isa = PBXFrameworksBuildPhase;
			buildActionMask = 2147483647;
			files = (
				634BCC7A2860F1610062E105 /* Mixpanel in Frameworks */,
				639D8DA829C7BBA200333DA8 /* FirebaseCrashlytics in Frameworks */,
				639D8DAA29C7BBA200333DA8 /* FirebasePerformance in Frameworks */,
				634BCC2F2860E4E20062E105 /* CloudKit.framework in Frameworks */,
				639D8DA629C7BBA200333DA8 /* FirebaseAnalytics in Frameworks */,
			);
			runOnlyForDeploymentPostprocessing = 0;
		};
		634BCC0C286028A70062E105 /* Frameworks */ = {
			isa = PBXFrameworksBuildPhase;
			buildActionMask = 2147483647;
			files = (
			);
			runOnlyForDeploymentPostprocessing = 0;
		};
		634BCC16286028A70062E105 /* Frameworks */ = {
			isa = PBXFrameworksBuildPhase;
			buildActionMask = 2147483647;
			files = (
			);
			runOnlyForDeploymentPostprocessing = 0;
		};
/* End PBXFrameworksBuildPhase section */

/* Begin PBXGroup section */
		632790A8288B868E00E551CA /* Decoders */ = {
			isa = PBXGroup;
			children = (
				634BCCB328681C860062E105 /* AOWM_CurrentConditions.swift */,
				634BCC452860ED220062E105 /* API.swift */,
				63481ACC286D630700478C11 /* Event.swift */,
				634BCCAC28629EA60062E105 /* TGW_CurrentConditions.swift */,
				63481AC5286AC72400478C11 /* TGW_Forecast.swift */,
			);
			path = Decoders;
			sourceTree = "<group>";
		};
		63481ADC2875082A00478C11 /* Messaging */ = {
			isa = PBXGroup;
			children = (
				63481ADD2875084200478C11 /* ForecastInsertedEvent.swift */,
				63481B162877616E00478C11 /* LocationUpdatedEvent.swift */,
				63FBEC8C287A9D5C0010A42E /* NextStartDateUpdated.swift */,
				63219A732898AFF100CD55D9 /* ViewModelPublished.swift */,
			);
			path = Messaging;
			sourceTree = "<group>";
		};
		63481B012875E0E400478C11 /* Enums */ = {
			isa = PBXGroup;
			children = (
				63279095288471BC00E551CA /* EventResult.swift */,
				63481B022875E0F900478C11 /* WindDirection.swift */,
			);
			path = Enums;
			sourceTree = "<group>";
		};
		634BCBF1286028A50062E105 = {
			isa = PBXGroup;
			children = (
				634BCBFC286028A50062E105 /* YourWeatherLife */,
				634BCC12286028A70062E105 /* YourWeatherLifeTests */,
				634BCC1C286028A70062E105 /* YourWeatherLifeUITests */,
				63F781EF289452B4007F307E /* YourWeatherLife-DatesTests */,
				634BCBFB286028A50062E105 /* Products */,
				634BCC2D2860E4E20062E105 /* Frameworks */,
			);
			sourceTree = "<group>";
		};
		634BCBFB286028A50062E105 /* Products */ = {
			isa = PBXGroup;
			children = (
				634BCBFA286028A50062E105 /* YourWeatherLife.app */,
				634BCC0F286028A70062E105 /* YourWeatherLifeTests.xctest */,
				634BCC19286028A70062E105 /* YourWeatherLifeUITests.xctest */,
			);
			name = Products;
			sourceTree = "<group>";
		};
		634BCBFC286028A50062E105 /* YourWeatherLife */ = {
			isa = PBXGroup;
			children = (
				634BCC302860E52F0062E105 /* Info.plist */,
				634BCC01286028A70062E105 /* Assets.xcassets */,
				634BCC762860EFC00062E105 /* AppDelegate.swift */,
				634BCC2C2860E4D60062E105 /* YourWeatherLife.entitlements */,
				634BCBFD286028A50062E105 /* YourWeatherLifeApp.swift */,
				639D8DA229C7BB2B00333DA8 /* GoogleService-Info.plist */,
				634BCC312860EB9C0062E105 /* Views */,
				634BCC332860EBAE0062E105 /* ViewModels */,
				634BCC322860EBA50062E105 /* Models */,
				634BCCAE2866D9360062E105 /* APIs */,
				634BCC352860EBC60062E105 /* CoreData */,
				634BCC342860EBB90062E105 /* Services */,
				63481ADC2875082A00478C11 /* Messaging */,
				63481B012875E0E400478C11 /* Enums */,
				634BCC362860EBD10062E105 /* WeatherSolutions */,
				634BCC03286028A70062E105 /* Preview Content */,
				639D8DA029C7B62400333DA8 /* LaunchScreen.storyboard */,
			);
			path = YourWeatherLife;
			sourceTree = "<group>";
		};
		634BCC03286028A70062E105 /* Preview Content */ = {
			isa = PBXGroup;
			children = (
				634BCC04286028A70062E105 /* Preview Assets.xcassets */,
			);
			path = "Preview Content";
			sourceTree = "<group>";
		};
		634BCC12286028A70062E105 /* YourWeatherLifeTests */ = {
			isa = PBXGroup;
			children = (
				630733282898ED960077F864 /* HomeViewModelTests.swift */,
				63219A752898B99900CD55D9 /* ForecastViewModelTests.swift */,
				63219A712897858800CD55D9 /* DayDetailViewModelTests.swift */,
				63219A6F2897659B00CD55D9 /* GetAllDataTests.swift */,
				63F781F8289453B4007F307E /* DatesTests.swift */,
			);
			path = YourWeatherLifeTests;
			sourceTree = "<group>";
		};
		634BCC1C286028A70062E105 /* YourWeatherLifeUITests */ = {
			isa = PBXGroup;
			children = (
				634BCC1D286028A70062E105 /* YourWeatherLifeUITests.swift */,
				634BCC1F286028A70062E105 /* YourWeatherLifeUITestsLaunchTests.swift */,
			);
			path = YourWeatherLifeUITests;
			sourceTree = "<group>";
		};
		634BCC2D2860E4E20062E105 /* Frameworks */ = {
			isa = PBXGroup;
			children = (
				634BCC2E2860E4E20062E105 /* CloudKit.framework */,
			);
			name = Frameworks;
			sourceTree = "<group>";
		};
		634BCC312860EB9C0062E105 /* Views */ = {
			isa = PBXGroup;
			children = (
				634BCC5B2860EDBB0062E105 /* Lists */,
				634BCC5A2860EDB30062E105 /* ListItems */,
				634BCC592860EDA50062E105 /* Details */,
				634BCC582860ED9C0062E105 /* CRUD */,
				634BCC572860ED930062E105 /* Components */,
				63F029602877ED9300CD1553 /* Feedback */,
				6358645B29CD654C00D8387B /* Tabs.swift */,
			);
			path = Views;
			sourceTree = "<group>";
		};
		634BCC322860EBA50062E105 /* Models */ = {
			isa = PBXGroup;
			children = (
				632790A8288B868E00E551CA /* Decoders */,
				63481AC1286A075600478C11 /* Current.swift */,
				63481B0428768C5800478C11 /* EventForecast.swift */,
				63481AFF28754A2A00478C11 /* HourForecast.swift */,
				63481AD82872C93B00478C11 /* Today.swift */,
				63481AFB28752F4800478C11 /* Weekend.swift */,
				634BCC472860ED220062E105 /* YWLError.swift */,
				63D0FFD12979F8CA00ECE7A2 /* CalendarSet.swift */,
				63D0FFD32981F2B600ECE7A2 /* EventSet.swift */,
			);
			path = Models;
			sourceTree = "<group>";
		};
		634BCC332860EBAE0062E105 /* ViewModels */ = {
			isa = PBXGroup;
			children = (
				634BCC422860ED010062E105 /* APIsProvider.swift */,
				63481AD42872548B00478C11 /* EventProvider.swift */,
				63481AD02870AAA800478C11 /* EventSummaryProvider.swift */,
				63481AC3286AC2B100478C11 /* TGW_ForecastProvider.swift */,
				634BCC412860ED010062E105 /* GlobalViewModel.swift */,
				63481B082876A24000478C11 /* HomeViewModel.swift */,
				634BCCA6286298BE0062E105 /* CurrentConditionsViewModel.swift */,
				63481AFD28753B1200478C11 /* DayDetailViewModel.swift */,
				632790972884B95F00E551CA /* EventViewModel.swift */,
				63425DA62891A14A00430B43 /* ForecastViewModel.swift */,
				63481B142877589F00478C11 /* LocationViewModel.swift */,
				63481ADA2873450700478C11 /* SummaryViewModel.swift */,
				63D0FFC92978E3A300ECE7A2 /* EventStoreViewModel.swift */,
				63D0FFCB2978E3CE00ECE7A2 /* CalendarEventProvider.swift */,
			);
			path = ViewModels;
			sourceTree = "<group>";
		};
		634BCC342860EBB90062E105 /* Services */ = {
			isa = PBXGroup;
			children = (
				63481ABD2868C4DB00478C11 /* AOWM_Icon.swift */,
				634BCC3B2860ECDE0062E105 /* APISettings.swift */,
				632790992884F9EF00E551CA /* CloudKitManager.swift */,
				634BCC3D2860ECDE0062E105 /* CryptoUtilities.swift */,
				634BCCA8286299F30062E105 /* DataService.swift */,
				63481ACE2870223500478C11 /* Dates.swift */,
				634BCCA428628C840062E105 /* Formatters.swift */,
				63481ACA286CC1C400478C11 /* GetAllData.swift */,
				63481AD62872849500478C11 /* Observer.swift */,
				639D8D9C29C7A2B400333DA8 /* AsyncAPI.swift */,
				639D8D9E29C7AE1000333DA8 /* Review.swift */,
			);
			path = Services;
			sourceTree = "<group>";
		};
		634BCC352860EBC60062E105 /* CoreData */ = {
			isa = PBXGroup;
			children = (
				63481AD22871ED7F00478C11 /* seedData.json */,
				634BCC7E286122930062E105 /* CloudPersistenceController.swift */,
				634BCC06286028A70062E105 /* LocalPersistenceController.swift */,
				634BCC08286028A70062E105 /* YourWeatherLife.xcdatamodeld */,
				634BCC7B286122590062E105 /* YourWeatherLifeiCloud.xcdatamodeld */,
			);
			path = CoreData;
			sourceTree = "<group>";
		};
		634BCC362860EBD10062E105 /* WeatherSolutions */ = {
			isa = PBXGroup;
			children = (
				634BCC382860ECBB0062E105 /* weatherSolutions.plist */,
				634BCC372860ECBB0062E105 /* WeatherSolutions.swift */,
			);
			path = WeatherSolutions;
			sourceTree = "<group>";
		};
		634BCC572860ED930062E105 /* Components */ = {
			isa = PBXGroup;
			children = (
				634BCC5C2860EE2C0062E105 /* BackgroundColor.swift */,
			);
			path = Components;
			sourceTree = "<group>";
		};
		634BCC582860ED9C0062E105 /* CRUD */ = {
			isa = PBXGroup;
			children = (
				634BCC602860EE380062E105 /* EditDailyEvent.swift */,
				632790A2288906F800E551CA /* UpdateLocation.swift */,
			);
			path = CRUD;
			sourceTree = "<group>";
		};
		634BCC592860EDA50062E105 /* Details */ = {
			isa = PBXGroup;
			children = (
				634BCC642860EE440062E105 /* DayDetail.swift */,
				634BCC622860EE440062E105 /* EventDetail.swift */,
				634BCC632860EE440062E105 /* HourDetail.swift */,
			);
			path = Details;
			sourceTree = "<group>";
		};
		634BCC5A2860EDB30062E105 /* ListItems */ = {
			isa = PBXGroup;
			children = (
				634BCC6B2860EE500062E105 /* EventListCalendarItem.swift */,
				634BCC6C2860EE500062E105 /* EventListItem.swift */,
				63425DA22890570A00430B43 /* ForecastListItem.swift */,
				634BCC6A2860EE500062E105 /* TodaySummary.swift */,
				634BCC6D2860EE500062E105 /* WeekendSummary.swift */,
			);
			path = ListItems;
			sourceTree = "<group>";
		};
		634BCC5B2860EDBB0062E105 /* Lists */ = {
			isa = PBXGroup;
			children = (
				634BCC732860EE5D0062E105 /* Home.swift */,
				634BCC722860EE5D0062E105 /* DailyEvents.swift */,
				6327909C2886361300E551CA /* Days.swift */,
				63481B06287699BA00478C11 /* DayForecast.swift */,
				63481B0A2876AA6300478C11 /* HourlyForecast.swift */,
				63D0FFC52978E21100ECE7A2 /* CalendarEvents.swift */,
				63D0FFC72978E21F00ECE7A2 /* Calendars.swift */,
			);
			path = Lists;
			sourceTree = "<group>";
		};
		634BCCAE2866D9360062E105 /* APIs */ = {
			isa = PBXGroup;
			children = (
				634BCCB12866DF090062E105 /* aowm.swift */,
				634BCCAF2866D96F0062E105 /* tgw.swift */,
			);
			path = APIs;
			sourceTree = "<group>";
		};
		63F029602877ED9300CD1553 /* Feedback */ = {
			isa = PBXGroup;
			children = (
				63F029612877EDB700CD1553 /* FeedbackModal.swift */,
			);
			path = Feedback;
			sourceTree = "<group>";
		};
		63F781EF289452B4007F307E /* YourWeatherLife-DatesTests */ = {
			isa = PBXGroup;
			children = (
				63F781F0289452B4007F307E /* YourWeatherLife_DatesTests.swift */,
			);
			path = "YourWeatherLife-DatesTests";
			sourceTree = "<group>";
		};
/* End PBXGroup section */

/* Begin PBXNativeTarget section */
		634BCBF9286028A50062E105 /* YourWeatherLife */ = {
			isa = PBXNativeTarget;
			buildConfigurationList = 634BCC23286028A70062E105 /* Build configuration list for PBXNativeTarget "YourWeatherLife" */;
			buildPhases = (
				634BCBF6286028A50062E105 /* Sources */,
				634BCBF7286028A50062E105 /* Frameworks */,
				634BCBF8286028A50062E105 /* Resources */,
				639D8DAB29C7BCCA00333DA8 /* ShellScript */,
			);
			buildRules = (
			);
			dependencies = (
			);
			name = YourWeatherLife;
			packageProductDependencies = (
				634BCC792860F1610062E105 /* Mixpanel */,
				639D8DA529C7BBA200333DA8 /* FirebaseAnalytics */,
				639D8DA729C7BBA200333DA8 /* FirebaseCrashlytics */,
				639D8DA929C7BBA200333DA8 /* FirebasePerformance */,
			);
			productName = YourWeatherLife;
			productReference = 634BCBFA286028A50062E105 /* YourWeatherLife.app */;
			productType = "com.apple.product-type.application";
		};
		634BCC0E286028A70062E105 /* YourWeatherLifeTests */ = {
			isa = PBXNativeTarget;
			buildConfigurationList = 634BCC26286028A70062E105 /* Build configuration list for PBXNativeTarget "YourWeatherLifeTests" */;
			buildPhases = (
				634BCC0B286028A70062E105 /* Sources */,
				634BCC0C286028A70062E105 /* Frameworks */,
				634BCC0D286028A70062E105 /* Resources */,
			);
			buildRules = (
			);
			dependencies = (
				634BCC11286028A70062E105 /* PBXTargetDependency */,
			);
			name = YourWeatherLifeTests;
			productName = YourWeatherLifeTests;
			productReference = 634BCC0F286028A70062E105 /* YourWeatherLifeTests.xctest */;
			productType = "com.apple.product-type.bundle.unit-test";
		};
		634BCC18286028A70062E105 /* YourWeatherLifeUITests */ = {
			isa = PBXNativeTarget;
			buildConfigurationList = 634BCC29286028A70062E105 /* Build configuration list for PBXNativeTarget "YourWeatherLifeUITests" */;
			buildPhases = (
				634BCC15286028A70062E105 /* Sources */,
				634BCC16286028A70062E105 /* Frameworks */,
				634BCC17286028A70062E105 /* Resources */,
			);
			buildRules = (
			);
			dependencies = (
				634BCC1B286028A70062E105 /* PBXTargetDependency */,
			);
			name = YourWeatherLifeUITests;
			productName = YourWeatherLifeUITests;
			productReference = 634BCC19286028A70062E105 /* YourWeatherLifeUITests.xctest */;
			productType = "com.apple.product-type.bundle.ui-testing";
		};
/* End PBXNativeTarget section */

/* Begin PBXProject section */
		634BCBF2286028A50062E105 /* Project object */ = {
			isa = PBXProject;
			attributes = {
				BuildIndependentTargetsInParallel = 1;
				LastSwiftUpdateCheck = 1340;
				LastUpgradeCheck = 1340;
				TargetAttributes = {
					634BCBF9286028A50062E105 = {
						CreatedOnToolsVersion = 13.4.1;
					};
					634BCC0E286028A70062E105 = {
						CreatedOnToolsVersion = 13.4.1;
						TestTargetID = 634BCBF9286028A50062E105;
					};
					634BCC18286028A70062E105 = {
						CreatedOnToolsVersion = 13.4.1;
						TestTargetID = 634BCBF9286028A50062E105;
					};
				};
			};
			buildConfigurationList = 634BCBF5286028A50062E105 /* Build configuration list for PBXProject "YourWeatherLife" */;
			compatibilityVersion = "Xcode 13.0";
			developmentRegion = en;
			hasScannedForEncodings = 0;
			knownRegions = (
				en,
				Base,
			);
			mainGroup = 634BCBF1286028A50062E105;
			packageReferences = (
				634BCC782860F1610062E105 /* XCRemoteSwiftPackageReference "mixpanel-swift" */,
				639D8DA429C7BBA200333DA8 /* XCRemoteSwiftPackageReference "firebase-ios-sdk" */,
			);
			productRefGroup = 634BCBFB286028A50062E105 /* Products */;
			projectDirPath = "";
			projectRoot = "";
			targets = (
				634BCBF9286028A50062E105 /* YourWeatherLife */,
				634BCC0E286028A70062E105 /* YourWeatherLifeTests */,
				634BCC18286028A70062E105 /* YourWeatherLifeUITests */,
			);
		};
/* End PBXProject section */

/* Begin PBXResourcesBuildPhase section */
		634BCBF8286028A50062E105 /* Resources */ = {
			isa = PBXResourcesBuildPhase;
			buildActionMask = 2147483647;
			files = (
				63481AD32871ED7F00478C11 /* seedData.json in Resources */,
				634BCC05286028A70062E105 /* Preview Assets.xcassets in Resources */,
				634BCC02286028A70062E105 /* Assets.xcassets in Resources */,
				639D8DA129C7B62400333DA8 /* LaunchScreen.storyboard in Resources */,
				634BCC3A2860ECBB0062E105 /* weatherSolutions.plist in Resources */,
				639D8DA329C7BB2B00333DA8 /* GoogleService-Info.plist in Resources */,
			);
			runOnlyForDeploymentPostprocessing = 0;
		};
		634BCC0D286028A70062E105 /* Resources */ = {
			isa = PBXResourcesBuildPhase;
			buildActionMask = 2147483647;
			files = (
			);
			runOnlyForDeploymentPostprocessing = 0;
		};
		634BCC17286028A70062E105 /* Resources */ = {
			isa = PBXResourcesBuildPhase;
			buildActionMask = 2147483647;
			files = (
			);
			runOnlyForDeploymentPostprocessing = 0;
		};
/* End PBXResourcesBuildPhase section */

/* Begin PBXShellScriptBuildPhase section */
		639D8DAB29C7BCCA00333DA8 /* ShellScript */ = {
			isa = PBXShellScriptBuildPhase;
			alwaysOutOfDate = 1;
			buildActionMask = 2147483647;
			files = (
			);
			inputFileListPaths = (
			);
			inputPaths = (
				"${DWARF_DSYM_FOLDER_PATH}/${DWARF_DSYM_FILE_NAME}/Contents/Resources/DWARF/${TARGET_NAME}",
				"$(SRCROOT)/$(BUILT_PRODUCTS_DIR)/$(INFOPLIST_PATH)",
			);
			outputFileListPaths = (
			);
			outputPaths = (
			);
			runOnlyForDeploymentPostprocessing = 0;
			shellPath = /bin/sh;
			shellScript = "# Type a script or drag a script file from your workspace to insert its path.\n\n\"${BUILD_DIR%/Build/*}/SourcePackages/checkouts/firebase-ios-sdk/Crashlytics/run\"\n";
		};
/* End PBXShellScriptBuildPhase section */

/* Begin PBXSourcesBuildPhase section */
		634BCBF6286028A50062E105 /* Sources */ = {
			isa = PBXSourcesBuildPhase;
			buildActionMask = 2147483647;
			files = (
				639D8D9D29C7A2B400333DA8 /* AsyncAPI.swift in Sources */,
				63481AC4286AC2B100478C11 /* TGW_ForecastProvider.swift in Sources */,
				63481B032875E0F900478C11 /* WindDirection.swift in Sources */,
				634BCC612860EE380062E105 /* EditDailyEvent.swift in Sources */,
				63D0FFCA2978E3A300ECE7A2 /* EventStoreViewModel.swift in Sources */,
				63D0FFCC2978E3CE00ECE7A2 /* CalendarEventProvider.swift in Sources */,
				63481AD52872548B00478C11 /* EventProvider.swift in Sources */,
				63481AD92872C93B00478C11 /* Today.swift in Sources */,
				634BCC742860EE5D0062E105 /* DailyEvents.swift in Sources */,
				634BCC492860ED220062E105 /* API.swift in Sources */,
				634BCCA7286298BE0062E105 /* CurrentConditionsViewModel.swift in Sources */,
				63481AFE28753B1200478C11 /* DayDetailViewModel.swift in Sources */,
				6327909A2884F9EF00E551CA /* CloudKitManager.swift in Sources */,
				634BCC772860EFC00062E105 /* AppDelegate.swift in Sources */,
				63219A742898AFF100CD55D9 /* ViewModelPublished.swift in Sources */,
				634BCC07286028A70062E105 /* LocalPersistenceController.swift in Sources */,
				63481B0B2876AA6300478C11 /* HourlyForecast.swift in Sources */,
				63425DA32890570A00430B43 /* ForecastListItem.swift in Sources */,
				63481ACB286CC1C400478C11 /* GetAllData.swift in Sources */,
				634BCC662860EE440062E105 /* EventDetail.swift in Sources */,
				634BCC442860ED010062E105 /* APIsProvider.swift in Sources */,
				63481ACF2870223500478C11 /* Dates.swift in Sources */,
				63481B07287699BA00478C11 /* DayForecast.swift in Sources */,
				632790982884B95F00E551CA /* EventViewModel.swift in Sources */,
				63481ADE2875084200478C11 /* ForecastInsertedEvent.swift in Sources */,
				63481B092876A24000478C11 /* HomeViewModel.swift in Sources */,
				63481AD12870AAA800478C11 /* EventSummaryProvider.swift in Sources */,
				63481B0028754A2A00478C11 /* HourForecast.swift in Sources */,
				634BCC6F2860EE500062E105 /* EventListCalendarItem.swift in Sources */,
				634BCC672860EE440062E105 /* HourDetail.swift in Sources */,
				63D0FFC82978E21F00ECE7A2 /* Calendars.swift in Sources */,
				634BCC702860EE500062E105 /* EventListItem.swift in Sources */,
				63D0FFC62978E21100ECE7A2 /* CalendarEvents.swift in Sources */,
				634BCC7F286122930062E105 /* CloudPersistenceController.swift in Sources */,
				634BCC432860ED010062E105 /* GlobalViewModel.swift in Sources */,
				634BCC712860EE500062E105 /* WeekendSummary.swift in Sources */,
				634BCC682860EE440062E105 /* DayDetail.swift in Sources */,
				634BCCB428681C860062E105 /* AOWM_CurrentConditions.swift in Sources */,
				63481AC6286AC72400478C11 /* TGW_Forecast.swift in Sources */,
				63481ABE2868C4DB00478C11 /* AOWM_Icon.swift in Sources */,
				634BCCB02866D96F0062E105 /* tgw.swift in Sources */,
				634BCC5E2860EE2C0062E105 /* BackgroundColor.swift in Sources */,
				634BCC6E2860EE500062E105 /* TodaySummary.swift in Sources */,
				63425DA72891A14A00430B43 /* ForecastViewModel.swift in Sources */,
				63D0FFD22979F8CA00ECE7A2 /* CalendarSet.swift in Sources */,
				634BCC4B2860ED220062E105 /* YWLError.swift in Sources */,
				63481AFC28752F4800478C11 /* Weekend.swift in Sources */,
				634BCCA528628C840062E105 /* Formatters.swift in Sources */,
				63F029622877EDB700CD1553 /* FeedbackModal.swift in Sources */,
				63481ADB2873450700478C11 /* SummaryViewModel.swift in Sources */,
				634BCCAD28629EA70062E105 /* TGW_CurrentConditions.swift in Sources */,
				63481B172877616E00478C11 /* LocationUpdatedEvent.swift in Sources */,
				6327909D2886361300E551CA /* Days.swift in Sources */,
				634BCC7D286122590062E105 /* YourWeatherLifeiCloud.xcdatamodeld in Sources */,
				63D0FFD42981F2B600ECE7A2 /* EventSet.swift in Sources */,
				632790A3288906F800E551CA /* UpdateLocation.swift in Sources */,
				634BCC392860ECBB0062E105 /* WeatherSolutions.swift in Sources */,
				634BCC752860EE5D0062E105 /* Home.swift in Sources */,
				634BCCA9286299F30062E105 /* DataService.swift in Sources */,
				63481AD72872849500478C11 /* Observer.swift in Sources */,
				63279096288471BC00E551CA /* EventResult.swift in Sources */,
				634BCCB22866DF090062E105 /* aowm.swift in Sources */,
				63FBEC8D287A9D5C0010A42E /* NextStartDateUpdated.swift in Sources */,
				634BCBFE286028A50062E105 /* YourWeatherLifeApp.swift in Sources */,
				6358645C29CD654C00D8387B /* Tabs.swift in Sources */,
				634BCC402860ECDE0062E105 /* CryptoUtilities.swift in Sources */,
				639D8D9F29C7AE1100333DA8 /* Review.swift in Sources */,
				63481B0528768C5800478C11 /* EventForecast.swift in Sources */,
				63481AC2286A075600478C11 /* Current.swift in Sources */,
				634BCC0A286028A70062E105 /* YourWeatherLife.xcdatamodeld in Sources */,
				63481ACD286D630700478C11 /* Event.swift in Sources */,
				63481B152877589F00478C11 /* LocationViewModel.swift in Sources */,
				634BCC3E2860ECDE0062E105 /* APISettings.swift in Sources */,
			);
			runOnlyForDeploymentPostprocessing = 0;
		};
		634BCC0B286028A70062E105 /* Sources */ = {
			isa = PBXSourcesBuildPhase;
			buildActionMask = 2147483647;
			files = (
				630733292898ED960077F864 /* HomeViewModelTests.swift in Sources */,
				63219A722897858800CD55D9 /* DayDetailViewModelTests.swift in Sources */,
				63219A762898B99900CD55D9 /* ForecastViewModelTests.swift in Sources */,
				63F781F9289453B4007F307E /* DatesTests.swift in Sources */,
				63219A702897659B00CD55D9 /* GetAllDataTests.swift in Sources */,
			);
			runOnlyForDeploymentPostprocessing = 0;
		};
		634BCC15286028A70062E105 /* Sources */ = {
			isa = PBXSourcesBuildPhase;
			buildActionMask = 2147483647;
			files = (
				634BCC20286028A70062E105 /* YourWeatherLifeUITestsLaunchTests.swift in Sources */,
				634BCC1E286028A70062E105 /* YourWeatherLifeUITests.swift in Sources */,
			);
			runOnlyForDeploymentPostprocessing = 0;
		};
/* End PBXSourcesBuildPhase section */

/* Begin PBXTargetDependency section */
		634BCC11286028A70062E105 /* PBXTargetDependency */ = {
			isa = PBXTargetDependency;
			target = 634BCBF9286028A50062E105 /* YourWeatherLife */;
			targetProxy = 634BCC10286028A70062E105 /* PBXContainerItemProxy */;
		};
		634BCC1B286028A70062E105 /* PBXTargetDependency */ = {
			isa = PBXTargetDependency;
			target = 634BCBF9286028A50062E105 /* YourWeatherLife */;
			targetProxy = 634BCC1A286028A70062E105 /* PBXContainerItemProxy */;
		};
/* End PBXTargetDependency section */

/* Begin XCBuildConfiguration section */
		634BCC21286028A70062E105 /* Debug */ = {
			isa = XCBuildConfiguration;
			buildSettings = {
				ALWAYS_SEARCH_USER_PATHS = NO;
				CLANG_ANALYZER_NONNULL = YES;
				CLANG_ANALYZER_NUMBER_OBJECT_CONVERSION = YES_AGGRESSIVE;
				CLANG_CXX_LANGUAGE_STANDARD = "gnu++17";
				CLANG_ENABLE_MODULES = YES;
				CLANG_ENABLE_OBJC_ARC = YES;
				CLANG_ENABLE_OBJC_WEAK = YES;
				CLANG_WARN_BLOCK_CAPTURE_AUTORELEASING = YES;
				CLANG_WARN_BOOL_CONVERSION = YES;
				CLANG_WARN_COMMA = YES;
				CLANG_WARN_CONSTANT_CONVERSION = YES;
				CLANG_WARN_DEPRECATED_OBJC_IMPLEMENTATIONS = YES;
				CLANG_WARN_DIRECT_OBJC_ISA_USAGE = YES_ERROR;
				CLANG_WARN_DOCUMENTATION_COMMENTS = YES;
				CLANG_WARN_EMPTY_BODY = YES;
				CLANG_WARN_ENUM_CONVERSION = YES;
				CLANG_WARN_INFINITE_RECURSION = YES;
				CLANG_WARN_INT_CONVERSION = YES;
				CLANG_WARN_NON_LITERAL_NULL_CONVERSION = YES;
				CLANG_WARN_OBJC_IMPLICIT_RETAIN_SELF = YES;
				CLANG_WARN_OBJC_LITERAL_CONVERSION = YES;
				CLANG_WARN_OBJC_ROOT_CLASS = YES_ERROR;
				CLANG_WARN_QUOTED_INCLUDE_IN_FRAMEWORK_HEADER = YES;
				CLANG_WARN_RANGE_LOOP_ANALYSIS = YES;
				CLANG_WARN_STRICT_PROTOTYPES = YES;
				CLANG_WARN_SUSPICIOUS_MOVE = YES;
				CLANG_WARN_UNGUARDED_AVAILABILITY = YES_AGGRESSIVE;
				CLANG_WARN_UNREACHABLE_CODE = YES;
				CLANG_WARN__DUPLICATE_METHOD_MATCH = YES;
				COPY_PHASE_STRIP = NO;
				DEBUG_INFORMATION_FORMAT = dwarf;
				ENABLE_STRICT_OBJC_MSGSEND = YES;
				ENABLE_TESTABILITY = YES;
				GCC_C_LANGUAGE_STANDARD = gnu11;
				GCC_DYNAMIC_NO_PIC = NO;
				GCC_NO_COMMON_BLOCKS = YES;
				GCC_OPTIMIZATION_LEVEL = 0;
				GCC_PREPROCESSOR_DEFINITIONS = (
					"DEBUG=1",
					"$(inherited)",
				);
				GCC_WARN_64_TO_32_BIT_CONVERSION = YES;
				GCC_WARN_ABOUT_RETURN_TYPE = YES_ERROR;
				GCC_WARN_UNDECLARED_SELECTOR = YES;
				GCC_WARN_UNINITIALIZED_AUTOS = YES_AGGRESSIVE;
				GCC_WARN_UNUSED_FUNCTION = YES;
				GCC_WARN_UNUSED_VARIABLE = YES;
				IPHONEOS_DEPLOYMENT_TARGET = 16.0;
				MTL_ENABLE_DEBUG_INFO = INCLUDE_SOURCE;
				MTL_FAST_MATH = YES;
				ONLY_ACTIVE_ARCH = YES;
				SDKROOT = iphoneos;
				SWIFT_ACTIVE_COMPILATION_CONDITIONS = DEBUG;
				SWIFT_OPTIMIZATION_LEVEL = "-Onone";
			};
			name = Debug;
		};
		634BCC22286028A70062E105 /* Release */ = {
			isa = XCBuildConfiguration;
			buildSettings = {
				ALWAYS_SEARCH_USER_PATHS = NO;
				CLANG_ANALYZER_NONNULL = YES;
				CLANG_ANALYZER_NUMBER_OBJECT_CONVERSION = YES_AGGRESSIVE;
				CLANG_CXX_LANGUAGE_STANDARD = "gnu++17";
				CLANG_ENABLE_MODULES = YES;
				CLANG_ENABLE_OBJC_ARC = YES;
				CLANG_ENABLE_OBJC_WEAK = YES;
				CLANG_WARN_BLOCK_CAPTURE_AUTORELEASING = YES;
				CLANG_WARN_BOOL_CONVERSION = YES;
				CLANG_WARN_COMMA = YES;
				CLANG_WARN_CONSTANT_CONVERSION = YES;
				CLANG_WARN_DEPRECATED_OBJC_IMPLEMENTATIONS = YES;
				CLANG_WARN_DIRECT_OBJC_ISA_USAGE = YES_ERROR;
				CLANG_WARN_DOCUMENTATION_COMMENTS = YES;
				CLANG_WARN_EMPTY_BODY = YES;
				CLANG_WARN_ENUM_CONVERSION = YES;
				CLANG_WARN_INFINITE_RECURSION = YES;
				CLANG_WARN_INT_CONVERSION = YES;
				CLANG_WARN_NON_LITERAL_NULL_CONVERSION = YES;
				CLANG_WARN_OBJC_IMPLICIT_RETAIN_SELF = YES;
				CLANG_WARN_OBJC_LITERAL_CONVERSION = YES;
				CLANG_WARN_OBJC_ROOT_CLASS = YES_ERROR;
				CLANG_WARN_QUOTED_INCLUDE_IN_FRAMEWORK_HEADER = YES;
				CLANG_WARN_RANGE_LOOP_ANALYSIS = YES;
				CLANG_WARN_STRICT_PROTOTYPES = YES;
				CLANG_WARN_SUSPICIOUS_MOVE = YES;
				CLANG_WARN_UNGUARDED_AVAILABILITY = YES_AGGRESSIVE;
				CLANG_WARN_UNREACHABLE_CODE = YES;
				CLANG_WARN__DUPLICATE_METHOD_MATCH = YES;
				COPY_PHASE_STRIP = NO;
				DEBUG_INFORMATION_FORMAT = "dwarf-with-dsym";
				ENABLE_NS_ASSERTIONS = NO;
				ENABLE_STRICT_OBJC_MSGSEND = YES;
				GCC_C_LANGUAGE_STANDARD = gnu11;
				GCC_NO_COMMON_BLOCKS = YES;
				GCC_WARN_64_TO_32_BIT_CONVERSION = YES;
				GCC_WARN_ABOUT_RETURN_TYPE = YES_ERROR;
				GCC_WARN_UNDECLARED_SELECTOR = YES;
				GCC_WARN_UNINITIALIZED_AUTOS = YES_AGGRESSIVE;
				GCC_WARN_UNUSED_FUNCTION = YES;
				GCC_WARN_UNUSED_VARIABLE = YES;
				IPHONEOS_DEPLOYMENT_TARGET = 16.0;
				MTL_ENABLE_DEBUG_INFO = NO;
				MTL_FAST_MATH = YES;
				SDKROOT = iphoneos;
				SWIFT_COMPILATION_MODE = wholemodule;
				SWIFT_OPTIMIZATION_LEVEL = "-O";
				VALIDATE_PRODUCT = YES;
			};
			name = Release;
		};
		634BCC24286028A70062E105 /* Debug */ = {
			isa = XCBuildConfiguration;
			buildSettings = {
				ASSETCATALOG_COMPILER_APPICON_NAME = AppIcon;
				ASSETCATALOG_COMPILER_GLOBAL_ACCENT_COLOR_NAME = AccentColor;
				CODE_SIGN_ENTITLEMENTS = YourWeatherLife/YourWeatherLife.entitlements;
				CODE_SIGN_STYLE = Automatic;
				CURRENT_PROJECT_VERSION = 2023031901;
				DEBUG_INFORMATION_FORMAT = "dwarf-with-dsym";
				DEVELOPMENT_ASSET_PATHS = "\"YourWeatherLife/Preview Content\"";
				DEVELOPMENT_TEAM = V66UJ72Z63;
				ENABLE_PREVIEWS = YES;
				GENERATE_INFOPLIST_FILE = YES;
				INFOPLIST_FILE = YourWeatherLife/Info.plist;
				INFOPLIST_KEY_CFBundleDisplayName = "Your Weather";
				INFOPLIST_KEY_LSApplicationCategoryType = "public.app-category.weather";
				INFOPLIST_KEY_NSCalendarsUsageDescription = "Calendar access needed if you want to see weather forecasts based on your upcoming events.";
				INFOPLIST_KEY_NSContactsUsageDescription = "Contacts access may be needed to access your contacts data to choose the correct display name or avatar for a contact in a calendar.";
				INFOPLIST_KEY_NSLocationAlwaysAndWhenInUseUsageDescription = "Location needed in order to provide localized weather forecasts.";
				INFOPLIST_KEY_NSLocationWhenInUseUsageDescription = "Location needed in order to provide localized weather forecasts.";
				INFOPLIST_KEY_UIApplicationSupportsIndirectInputEvents = YES;
				INFOPLIST_KEY_UILaunchScreen_Generation = YES;
				INFOPLIST_KEY_UILaunchStoryboardName = LaunchScreen.storyboard;
				INFOPLIST_KEY_UISupportedInterfaceOrientations = UIInterfaceOrientationPortrait;
				INFOPLIST_KEY_UISupportedInterfaceOrientations_iPad = "UIInterfaceOrientationPortrait UIInterfaceOrientationPortraitUpsideDown UIInterfaceOrientationLandscapeLeft UIInterfaceOrientationLandscapeRight";
				INFOPLIST_KEY_UISupportedInterfaceOrientations_iPhone = "UIInterfaceOrientationPortrait UIInterfaceOrientationLandscapeLeft UIInterfaceOrientationLandscapeRight";
				IPHONEOS_DEPLOYMENT_TARGET = 16.0;
				LD_RUNPATH_SEARCH_PATHS = (
					"$(inherited)",
					"@executable_path/Frameworks",
				);
				MARKETING_VERSION = 1.2;
				OTHER_LDFLAGS = "-Objc";
				PRODUCT_BUNDLE_IDENTIFIER = com.dbarkman.YourWeatherLife;
				PRODUCT_NAME = "$(TARGET_NAME)";
				SUPPORTED_PLATFORMS = "iphoneos iphonesimulator";
				SUPPORTS_MACCATALYST = NO;
				SUPPORTS_MAC_DESIGNED_FOR_IPHONE_IPAD = NO;
				SWIFT_EMIT_LOC_STRINGS = YES;
				SWIFT_VERSION = 5.0;
				TARGETED_DEVICE_FAMILY = "1,2";
			};
			name = Debug;
		};
		634BCC25286028A70062E105 /* Release */ = {
			isa = XCBuildConfiguration;
			buildSettings = {
				ASSETCATALOG_COMPILER_APPICON_NAME = AppIcon;
				ASSETCATALOG_COMPILER_GLOBAL_ACCENT_COLOR_NAME = AccentColor;
				CODE_SIGN_ENTITLEMENTS = YourWeatherLife/YourWeatherLife.entitlements;
				CODE_SIGN_STYLE = Automatic;
				CURRENT_PROJECT_VERSION = 2023031901;
				DEVELOPMENT_ASSET_PATHS = "\"YourWeatherLife/Preview Content\"";
				DEVELOPMENT_TEAM = V66UJ72Z63;
				ENABLE_PREVIEWS = YES;
				GENERATE_INFOPLIST_FILE = YES;
				INFOPLIST_FILE = YourWeatherLife/Info.plist;
				INFOPLIST_KEY_CFBundleDisplayName = "Your Weather";
				INFOPLIST_KEY_LSApplicationCategoryType = "public.app-category.weather";
				INFOPLIST_KEY_NSCalendarsUsageDescription = "Calendar access needed if you want to see weather forecasts based on your upcoming events.";
				INFOPLIST_KEY_NSContactsUsageDescription = "Contacts access may be needed to access your contacts data to choose the correct display name or avatar for a contact in a calendar.";
				INFOPLIST_KEY_NSLocationAlwaysAndWhenInUseUsageDescription = "Location needed in order to provide localized weather forecasts.";
				INFOPLIST_KEY_NSLocationWhenInUseUsageDescription = "Location needed in order to provide localized weather forecasts.";
				INFOPLIST_KEY_UIApplicationSupportsIndirectInputEvents = YES;
				INFOPLIST_KEY_UILaunchScreen_Generation = YES;
				INFOPLIST_KEY_UILaunchStoryboardName = LaunchScreen.storyboard;
				INFOPLIST_KEY_UISupportedInterfaceOrientations = UIInterfaceOrientationPortrait;
				INFOPLIST_KEY_UISupportedInterfaceOrientations_iPad = "UIInterfaceOrientationPortrait UIInterfaceOrientationPortraitUpsideDown UIInterfaceOrientationLandscapeLeft UIInterfaceOrientationLandscapeRight";
				INFOPLIST_KEY_UISupportedInterfaceOrientations_iPhone = "UIInterfaceOrientationPortrait UIInterfaceOrientationLandscapeLeft UIInterfaceOrientationLandscapeRight";
				IPHONEOS_DEPLOYMENT_TARGET = 16.0;
				LD_RUNPATH_SEARCH_PATHS = (
					"$(inherited)",
					"@executable_path/Frameworks",
				);
				MARKETING_VERSION = 1.2;
				OTHER_LDFLAGS = "-Objc";
				PRODUCT_BUNDLE_IDENTIFIER = com.dbarkman.YourWeatherLife;
				PRODUCT_NAME = "$(TARGET_NAME)";
				SUPPORTED_PLATFORMS = "iphoneos iphonesimulator";
				SUPPORTS_MACCATALYST = NO;
				SUPPORTS_MAC_DESIGNED_FOR_IPHONE_IPAD = NO;
				SWIFT_EMIT_LOC_STRINGS = YES;
				SWIFT_VERSION = 5.0;
				TARGETED_DEVICE_FAMILY = "1,2";
			};
			name = Release;
		};
		634BCC27286028A70062E105 /* Debug */ = {
			isa = XCBuildConfiguration;
			buildSettings = {
				ALWAYS_EMBED_SWIFT_STANDARD_LIBRARIES = YES;
				BUNDLE_LOADER = "$(TEST_HOST)";
				CODE_SIGN_STYLE = Automatic;
				CURRENT_PROJECT_VERSION = 1;
				DEVELOPMENT_TEAM = V66UJ72Z63;
				GENERATE_INFOPLIST_FILE = YES;
				IPHONEOS_DEPLOYMENT_TARGET = 16.0;
				MARKETING_VERSION = 1.0;
				PRODUCT_BUNDLE_IDENTIFIER = com.dbarkman.YourWeatherLifeTests;
				PRODUCT_NAME = "$(TARGET_NAME)";
				SWIFT_EMIT_LOC_STRINGS = NO;
				SWIFT_VERSION = 5.0;
				TARGETED_DEVICE_FAMILY = "1,2";
				TEST_HOST = "$(BUILT_PRODUCTS_DIR)/YourWeatherLife.app/YourWeatherLife";
			};
			name = Debug;
		};
		634BCC28286028A70062E105 /* Release */ = {
			isa = XCBuildConfiguration;
			buildSettings = {
				ALWAYS_EMBED_SWIFT_STANDARD_LIBRARIES = YES;
				BUNDLE_LOADER = "$(TEST_HOST)";
				CODE_SIGN_STYLE = Automatic;
				CURRENT_PROJECT_VERSION = 1;
				DEVELOPMENT_TEAM = V66UJ72Z63;
				GENERATE_INFOPLIST_FILE = YES;
				IPHONEOS_DEPLOYMENT_TARGET = 16.0;
				MARKETING_VERSION = 1.0;
				PRODUCT_BUNDLE_IDENTIFIER = com.dbarkman.YourWeatherLifeTests;
				PRODUCT_NAME = "$(TARGET_NAME)";
				SWIFT_EMIT_LOC_STRINGS = NO;
				SWIFT_VERSION = 5.0;
				TARGETED_DEVICE_FAMILY = "1,2";
				TEST_HOST = "$(BUILT_PRODUCTS_DIR)/YourWeatherLife.app/YourWeatherLife";
			};
			name = Release;
		};
		634BCC2A286028A70062E105 /* Debug */ = {
			isa = XCBuildConfiguration;
			buildSettings = {
				ALWAYS_EMBED_SWIFT_STANDARD_LIBRARIES = YES;
				CODE_SIGN_STYLE = Automatic;
				CURRENT_PROJECT_VERSION = 1;
				DEVELOPMENT_TEAM = V66UJ72Z63;
				GENERATE_INFOPLIST_FILE = YES;
				MARKETING_VERSION = 1.0;
				PRODUCT_BUNDLE_IDENTIFIER = com.dbarkman.YourWeatherLifeUITests;
				PRODUCT_NAME = "$(TARGET_NAME)";
				SWIFT_EMIT_LOC_STRINGS = NO;
				SWIFT_VERSION = 5.0;
				TARGETED_DEVICE_FAMILY = "1,2";
				TEST_TARGET_NAME = YourWeatherLife;
			};
			name = Debug;
		};
		634BCC2B286028A70062E105 /* Release */ = {
			isa = XCBuildConfiguration;
			buildSettings = {
				ALWAYS_EMBED_SWIFT_STANDARD_LIBRARIES = YES;
				CODE_SIGN_STYLE = Automatic;
				CURRENT_PROJECT_VERSION = 1;
				DEVELOPMENT_TEAM = V66UJ72Z63;
				GENERATE_INFOPLIST_FILE = YES;
				MARKETING_VERSION = 1.0;
				PRODUCT_BUNDLE_IDENTIFIER = com.dbarkman.YourWeatherLifeUITests;
				PRODUCT_NAME = "$(TARGET_NAME)";
				SWIFT_EMIT_LOC_STRINGS = NO;
				SWIFT_VERSION = 5.0;
				TARGETED_DEVICE_FAMILY = "1,2";
				TEST_TARGET_NAME = YourWeatherLife;
			};
			name = Release;
		};
/* End XCBuildConfiguration section */

/* Begin XCConfigurationList section */
		634BCBF5286028A50062E105 /* Build configuration list for PBXProject "YourWeatherLife" */ = {
			isa = XCConfigurationList;
			buildConfigurations = (
				634BCC21286028A70062E105 /* Debug */,
				634BCC22286028A70062E105 /* Release */,
			);
			defaultConfigurationIsVisible = 0;
			defaultConfigurationName = Release;
		};
		634BCC23286028A70062E105 /* Build configuration list for PBXNativeTarget "YourWeatherLife" */ = {
			isa = XCConfigurationList;
			buildConfigurations = (
				634BCC24286028A70062E105 /* Debug */,
				634BCC25286028A70062E105 /* Release */,
			);
			defaultConfigurationIsVisible = 0;
			defaultConfigurationName = Release;
		};
		634BCC26286028A70062E105 /* Build configuration list for PBXNativeTarget "YourWeatherLifeTests" */ = {
			isa = XCConfigurationList;
			buildConfigurations = (
				634BCC27286028A70062E105 /* Debug */,
				634BCC28286028A70062E105 /* Release */,
			);
			defaultConfigurationIsVisible = 0;
			defaultConfigurationName = Release;
		};
		634BCC29286028A70062E105 /* Build configuration list for PBXNativeTarget "YourWeatherLifeUITests" */ = {
			isa = XCConfigurationList;
			buildConfigurations = (
				634BCC2A286028A70062E105 /* Debug */,
				634BCC2B286028A70062E105 /* Release */,
			);
			defaultConfigurationIsVisible = 0;
			defaultConfigurationName = Release;
		};
/* End XCConfigurationList section */

/* Begin XCRemoteSwiftPackageReference section */
		634BCC782860F1610062E105 /* XCRemoteSwiftPackageReference "mixpanel-swift" */ = {
			isa = XCRemoteSwiftPackageReference;
			repositoryURL = "https://github.com/mixpanel/mixpanel-swift";
			requirement = {
				kind = upToNextMajorVersion;
				minimumVersion = 4.0.6;
			};
		};
		639D8DA429C7BBA200333DA8 /* XCRemoteSwiftPackageReference "firebase-ios-sdk" */ = {
			isa = XCRemoteSwiftPackageReference;
			repositoryURL = "https://github.com/firebase/firebase-ios-sdk";
			requirement = {
				kind = upToNextMajorVersion;
				minimumVersion = 9.0.0;
			};
		};
/* End XCRemoteSwiftPackageReference section */

/* Begin XCSwiftPackageProductDependency section */
		634BCC792860F1610062E105 /* Mixpanel */ = {
			isa = XCSwiftPackageProductDependency;
			package = 634BCC782860F1610062E105 /* XCRemoteSwiftPackageReference "mixpanel-swift" */;
			productName = Mixpanel;
		};
		639D8DA529C7BBA200333DA8 /* FirebaseAnalytics */ = {
			isa = XCSwiftPackageProductDependency;
			package = 639D8DA429C7BBA200333DA8 /* XCRemoteSwiftPackageReference "firebase-ios-sdk" */;
			productName = FirebaseAnalytics;
		};
		639D8DA729C7BBA200333DA8 /* FirebaseCrashlytics */ = {
			isa = XCSwiftPackageProductDependency;
			package = 639D8DA429C7BBA200333DA8 /* XCRemoteSwiftPackageReference "firebase-ios-sdk" */;
			productName = FirebaseCrashlytics;
		};
		639D8DA929C7BBA200333DA8 /* FirebasePerformance */ = {
			isa = XCSwiftPackageProductDependency;
			package = 639D8DA429C7BBA200333DA8 /* XCRemoteSwiftPackageReference "firebase-ios-sdk" */;
			productName = FirebasePerformance;
		};
/* End XCSwiftPackageProductDependency section */

/* Begin XCVersionGroup section */
		634BCC08286028A70062E105 /* YourWeatherLife.xcdatamodeld */ = {
			isa = XCVersionGroup;
			children = (
				63D0FFD02978E5D800ECE7A2 /* YourWeatherLife 4.xcdatamodel */,
				6369B6332966811C00EA03FB /* YourWeatherLife 3.xcdatamodel */,
				632790A9288BE01F00E551CA /* YourWeatherLife 2.xcdatamodel */,
				634BCC09286028A70062E105 /* YourWeatherLife.xcdatamodel */,
			);
			currentVersion = 63D0FFD02978E5D800ECE7A2 /* YourWeatherLife 4.xcdatamodel */;
			path = YourWeatherLife.xcdatamodeld;
			sourceTree = "<group>";
			versionGroupType = wrapper.xcdatamodel;
		};
		634BCC7B286122590062E105 /* YourWeatherLifeiCloud.xcdatamodeld */ = {
			isa = XCVersionGroup;
			children = (
				6358645D29CDE87200D8387B /* YourWeatherLifeiCloud 5.xcdatamodel */,
				63D0FFCF2978E48100ECE7A2 /* YourWeatherLifeiCloud 4.xcdatamodel */,
				6369B63229667FB900EA03FB /* YourWeatherLifeiCloud 3.xcdatamodel */,
				6327909B2886310F00E551CA /* YourWeatherLifeiCloud 2.xcdatamodel */,
				634BCC7C286122590062E105 /* YourWeatherLifeiCloud.xcdatamodel */,
			);
			currentVersion = 6358645D29CDE87200D8387B /* YourWeatherLifeiCloud 5.xcdatamodel */;
			path = YourWeatherLifeiCloud.xcdatamodeld;
			sourceTree = "<group>";
			versionGroupType = wrapper.xcdatamodel;
		};
/* End XCVersionGroup section */
	};
	rootObject = 634BCBF2286028A50062E105 /* Project object */;
}
